{
  "requires": true,
  "lockfileVersion": 1,
  "dependencies": {
    "@angular/cdk": {
      "version": "5.1.0",
      "resolved": "https://registry.npmjs.org/@angular/cdk/-/cdk-5.1.0.tgz",
      "integrity": "sha512-xDCVx65SvxoGDMpQhaQvfP7bZhQDuX65Uk+JntPlLTiwFr7v82a+71RnzOCzNKyaNXGoIgUGcrLZpozlyqNgFg==",
      "requires": {
        "tslib": "1.8.1"
      }
    },
    "@angular/material": {
      "version": "5.1.0",
      "resolved": "https://registry.npmjs.org/@angular/material/-/material-5.1.0.tgz",
      "integrity": "sha512-F+dM2xGbyWK3f+j5ZiWMOCBK1Jnv4RAlFRwezJVnzcWaAjwhO2YBHUQGZcnwsVJpwf5Vrihix8N+sWiPvVw+jw==",
      "requires": {
        "tslib": "1.8.1"
      }
    },
    "tslib": {
      "version": "1.8.1",
      "resolved": "https://registry.npmjs.org/tslib/-/tslib-1.8.1.tgz",
      "integrity": "sha1-aUavLR1lGnsYY7Ux1uWvpBqkTqw="
    }
  }
}
